
Microsoft Visual Studio Solution File, Format Version 12.00
# Visual Studio Version 17
VisualStudioVersion = 17.4.33110.190
MinimumVisualStudioVersion = 10.0.40219.1
Project("{FAE04EC0-301F-11D3-BF4B-00C04F79EFBC}") = "Web", "Web\Web.csproj", "{11E9A6F7-6889-4BAC-8BA0-F7DBF42D8A14}"
EndProject
Global
	GlobalSection(SolutionConfigurationPlatforms) = preSolution
		Debug|Any CPU = Debug|Any CPU
		Release|Any CPU = Release|Any CPU
	EndGlobalSection
	GlobalSection(ProjectConfigurationPlatforms) = postSolution
		{11E9A6F7-6889-4BAC-8BA0-F7DBF42D8A14}.Debug|Any CPU.ActiveCfg = Debug|Any CPU
		{11E9A6F7-6889-4BAC-8BA0-F7DBF42D8A14}.Debug|Any CPU.Build.0 = Debug|Any CPU
		{11E9A6F7-6889-4BAC-8BA0-F7DBF42D8A14}.Release|Any CPU.ActiveCfg = Release|Any CPU
		{11E9A6F7-6889-4BAC-8BA0-F7DBF42D8A14}.Release|Any CPU.Build.0 = Release|Any CPU
	EndGlobalSection
	GlobalSection(SolutionProperties) = preSolution
		HideSolutionNode = FALSE
	EndGlobalSection
	GlobalSection(ExtensibilityGlobals) = postSolution
		SolutionGuid = {4A0F598E-AB9B-46E6-9996-0890D9191E79}
	EndGlobalSection
EndGlobal
